
Microsoft Visual Studio Solution File, Format Version 12.00
# Visual Studio 15
VisualStudioVersion = 15.0.27703.2018
MinimumVisualStudioVersion = 10.0.40219.1
Project("{FAE04EC0-301F-11D3-BF4B-00C04F79EFBC}") = "Tape-schedule", "Tape-schedule.csproj", "{5BBF7E99-6FCE-4BD4-8575-52E7BC3A7C17}"
EndProject
Global
	GlobalSection(SolutionConfigurationPlatforms) = preSolution
		Debug|Any CPU = Debug|Any CPU
		Release|Any CPU = Release|Any CPU
	EndGlobalSection
	GlobalSection(ProjectConfigurationPlatforms) = postSolution
		{5BBF7E99-6FCE-4BD4-8575-52E7BC3A7C17}.Debug|Any CPU.ActiveCfg = Debug|Any CPU
		{5BBF7E99-6FCE-4BD4-8575-52E7BC3A7C17}.Debug|Any CPU.Build.0 = Debug|Any CPU
		{5BBF7E99-6FCE-4BD4-8575-52E7BC3A7C17}.Release|Any CPU.ActiveCfg = Release|Any CPU
		{5BBF7E99-6FCE-4BD4-8575-52E7BC3A7C17}.Release|Any CPU.Build.0 = Release|Any CPU
	EndGlobalSection
	GlobalSection(SolutionProperties) = preSolution
		HideSolutionNode = FALSE
	EndGlobalSection
	GlobalSection(ExtensibilityGlobals) = postSolution
		SolutionGuid = {3757B8D5-E327-4465-BACA-733E1D060993}
	EndGlobalSection
EndGlobal
