
Microsoft Visual Studio Solution File, Format Version 12.00
# Visual Studio 15
VisualStudioVersion = 15.0.28010.2041
MinimumVisualStudioVersion = 10.0.40219.1
Project("{FAE04EC0-301F-11D3-BF4B-00C04F79EFBC}") = "Data", "Data\Data.csproj", "{FED59519-4A20-49EE-B9C7-DE781199E8ED}"
EndProject
Global
	GlobalSection(SolutionConfigurationPlatforms) = preSolution
		Debug|Any CPU = Debug|Any CPU
		Release|Any CPU = Release|Any CPU
	EndGlobalSection
	GlobalSection(ProjectConfigurationPlatforms) = postSolution
		{FED59519-4A20-49EE-B9C7-DE781199E8ED}.Debug|Any CPU.ActiveCfg = Debug|Any CPU
		{FED59519-4A20-49EE-B9C7-DE781199E8ED}.Debug|Any CPU.Build.0 = Debug|Any CPU
		{FED59519-4A20-49EE-B9C7-DE781199E8ED}.Release|Any CPU.ActiveCfg = Release|Any CPU
		{FED59519-4A20-49EE-B9C7-DE781199E8ED}.Release|Any CPU.Build.0 = Release|Any CPU
	EndGlobalSection
	GlobalSection(SolutionProperties) = preSolution
		HideSolutionNode = FALSE
	EndGlobalSection
	GlobalSection(ExtensibilityGlobals) = postSolution
		SolutionGuid = {17F6A467-C903-463C-B568-0E9441E585A2}
	EndGlobalSection
EndGlobal
